
Microsoft Visual Studio Solution File, Format Version 12.00
# Visual Studio Version 16
VisualStudioVersion = 16.0.29503.13
MinimumVisualStudioVersion = 10.0.40219.1
Project("{FAE04EC0-301F-11D3-BF4B-00C04F79EFBC}") = "DTutorial", "DTutorial.csproj", "{80B3E100-5165-4805-8D2A-297205EBF16E}"
EndProject
Global
	GlobalSection(SolutionConfigurationPlatforms) = preSolution
		Debug|Any CPU = Debug|Any CPU
		Release|Any CPU = Release|Any CPU
	EndGlobalSection
	GlobalSection(ProjectConfigurationPlatforms) = postSolution
		{80B3E100-5165-4805-8D2A-297205EBF16E}.Debug|Any CPU.ActiveCfg = Debug|Any CPU
		{80B3E100-5165-4805-8D2A-297205EBF16E}.Debug|Any CPU.Build.0 = Debug|Any CPU
		{80B3E100-5165-4805-8D2A-297205EBF16E}.Release|Any CPU.ActiveCfg = Release|Any CPU
		{80B3E100-5165-4805-8D2A-297205EBF16E}.Release|Any CPU.Build.0 = Release|Any CPU
	EndGlobalSection
	GlobalSection(SolutionProperties) = preSolution
		HideSolutionNode = FALSE
	EndGlobalSection
	GlobalSection(ExtensibilityGlobals) = postSolution
		SolutionGuid = {14C2DDE6-A996-4B67-9247-0321F51C28A5}
	EndGlobalSection
EndGlobal
