
Microsoft Visual Studio Solution File, Format Version 12.00
# Visual Studio Version 16
VisualStudioVersion = 16.0.29324.140
MinimumVisualStudioVersion = 10.0.40219.1
Project("{FAE04EC0-301F-11D3-BF4B-00C04F79EFBC}") = "TennisGameSimulator", "TennisGameSimulator.csproj", "{98F8F59B-A37A-42AB-910D-C99B3D7E2D52}"
EndProject
Global
	GlobalSection(SolutionConfigurationPlatforms) = preSolution
		Debug|Any CPU = Debug|Any CPU
		Release|Any CPU = Release|Any CPU
	EndGlobalSection
	GlobalSection(ProjectConfigurationPlatforms) = postSolution
		{98F8F59B-A37A-42AB-910D-C99B3D7E2D52}.Debug|Any CPU.ActiveCfg = Debug|Any CPU
		{98F8F59B-A37A-42AB-910D-C99B3D7E2D52}.Debug|Any CPU.Build.0 = Debug|Any CPU
		{98F8F59B-A37A-42AB-910D-C99B3D7E2D52}.Release|Any CPU.ActiveCfg = Release|Any CPU
		{98F8F59B-A37A-42AB-910D-C99B3D7E2D52}.Release|Any CPU.Build.0 = Release|Any CPU
	EndGlobalSection
	GlobalSection(SolutionProperties) = preSolution
		HideSolutionNode = FALSE
	EndGlobalSection
	GlobalSection(ExtensibilityGlobals) = postSolution
		SolutionGuid = {A8DFF360-784A-4D70-AB30-AA6F993F4DA8}
	EndGlobalSection
EndGlobal
