
Microsoft Visual Studio Solution File, Format Version 12.00
# Visual Studio Version 16
VisualStudioVersion = 16.0.29503.13
MinimumVisualStudioVersion = 10.0.40219.1
Project("{FAE04EC0-301F-11D3-BF4B-00C04F79EFBC}") = "Bank", "Bank.csproj", "{B82AFADF-4985-4D9E-B41E-D953B6A7F8AD}"
EndProject
Project("{FAE04EC0-301F-11D3-BF4B-00C04F79EFBC}") = "BankTests", "..\BankTests\BankTests.csproj", "{B97FB3A4-8BED-4584-82F7-AD334895D6E0}"
EndProject
Global
	GlobalSection(SolutionConfigurationPlatforms) = preSolution
		Debug|Any CPU = Debug|Any CPU
		Release|Any CPU = Release|Any CPU
	EndGlobalSection
	GlobalSection(ProjectConfigurationPlatforms) = postSolution
		{B82AFADF-4985-4D9E-B41E-D953B6A7F8AD}.Debug|Any CPU.ActiveCfg = Debug|Any CPU
		{B82AFADF-4985-4D9E-B41E-D953B6A7F8AD}.Debug|Any CPU.Build.0 = Debug|Any CPU
		{B82AFADF-4985-4D9E-B41E-D953B6A7F8AD}.Release|Any CPU.ActiveCfg = Release|Any CPU
		{B82AFADF-4985-4D9E-B41E-D953B6A7F8AD}.Release|Any CPU.Build.0 = Release|Any CPU
		{B97FB3A4-8BED-4584-82F7-AD334895D6E0}.Debug|Any CPU.ActiveCfg = Debug|Any CPU
		{B97FB3A4-8BED-4584-82F7-AD334895D6E0}.Debug|Any CPU.Build.0 = Debug|Any CPU
		{B97FB3A4-8BED-4584-82F7-AD334895D6E0}.Release|Any CPU.ActiveCfg = Release|Any CPU
		{B97FB3A4-8BED-4584-82F7-AD334895D6E0}.Release|Any CPU.Build.0 = Release|Any CPU
	EndGlobalSection
	GlobalSection(SolutionProperties) = preSolution
		HideSolutionNode = FALSE
	EndGlobalSection
	GlobalSection(ExtensibilityGlobals) = postSolution
		SolutionGuid = {9892FA2B-364A-495E-9ADE-8ABA776A6A02}
	EndGlobalSection
EndGlobal
