
Microsoft Visual Studio Solution File, Format Version 12.00
# Visual Studio Version 16
VisualStudioVersion = 16.0.29503.13
MinimumVisualStudioVersion = 10.0.40219.1
Project("{FAE04EC0-301F-11D3-BF4B-00C04F79EFBC}") = "STutorial", "STutorial.csproj", "{CCDC1C10-582A-43AF-9BE1-C98796FA972C}"
EndProject
Global
	GlobalSection(SolutionConfigurationPlatforms) = preSolution
		Debug|Any CPU = Debug|Any CPU
		Release|Any CPU = Release|Any CPU
	EndGlobalSection
	GlobalSection(ProjectConfigurationPlatforms) = postSolution
		{CCDC1C10-582A-43AF-9BE1-C98796FA972C}.Debug|Any CPU.ActiveCfg = Debug|Any CPU
		{CCDC1C10-582A-43AF-9BE1-C98796FA972C}.Debug|Any CPU.Build.0 = Debug|Any CPU
		{CCDC1C10-582A-43AF-9BE1-C98796FA972C}.Release|Any CPU.ActiveCfg = Release|Any CPU
		{CCDC1C10-582A-43AF-9BE1-C98796FA972C}.Release|Any CPU.Build.0 = Release|Any CPU
	EndGlobalSection
	GlobalSection(SolutionProperties) = preSolution
		HideSolutionNode = FALSE
	EndGlobalSection
	GlobalSection(ExtensibilityGlobals) = postSolution
		SolutionGuid = {F9598894-59C6-4B97-ACAF-66314769B454}
	EndGlobalSection
EndGlobal
