
Microsoft Visual Studio Solution File, Format Version 12.00
# Visual Studio Version 16
VisualStudioVersion = 16.0.29311.281
MinimumVisualStudioVersion = 10.0.40219.1
Project("{FAE04EC0-301F-11D3-BF4B-00C04F79EFBC}") = "postgree", "postgree\postgree.csproj", "{706BBBB1-B807-48C3-8113-D377C6798562}"
EndProject
Global
	GlobalSection(SolutionConfigurationPlatforms) = preSolution
		Debug|Any CPU = Debug|Any CPU
		Release|Any CPU = Release|Any CPU
	EndGlobalSection
	GlobalSection(ProjectConfigurationPlatforms) = postSolution
		{706BBBB1-B807-48C3-8113-D377C6798562}.Debug|Any CPU.ActiveCfg = Debug|Any CPU
		{706BBBB1-B807-48C3-8113-D377C6798562}.Debug|Any CPU.Build.0 = Debug|Any CPU
		{706BBBB1-B807-48C3-8113-D377C6798562}.Release|Any CPU.ActiveCfg = Release|Any CPU
		{706BBBB1-B807-48C3-8113-D377C6798562}.Release|Any CPU.Build.0 = Release|Any CPU
	EndGlobalSection
	GlobalSection(SolutionProperties) = preSolution
		HideSolutionNode = FALSE
	EndGlobalSection
	GlobalSection(ExtensibilityGlobals) = postSolution
		SolutionGuid = {5630DB2F-EA04-4AD4-9B6E-8477F22A1AF3}
	EndGlobalSection
EndGlobal
