
Microsoft Visual Studio Solution File, Format Version 12.00
# Visual Studio Version 16
VisualStudioVersion = 16.0.29503.13
MinimumVisualStudioVersion = 10.0.40219.1
Project("{FAE04EC0-301F-11D3-BF4B-00C04F79EFBC}") = "ITutorial", "ITutorial.csproj", "{AC2867FF-EADF-47A4-90AE-2F39514C2CA6}"
EndProject
Global
	GlobalSection(SolutionConfigurationPlatforms) = preSolution
		Debug|Any CPU = Debug|Any CPU
		Release|Any CPU = Release|Any CPU
	EndGlobalSection
	GlobalSection(ProjectConfigurationPlatforms) = postSolution
		{AC2867FF-EADF-47A4-90AE-2F39514C2CA6}.Debug|Any CPU.ActiveCfg = Debug|Any CPU
		{AC2867FF-EADF-47A4-90AE-2F39514C2CA6}.Debug|Any CPU.Build.0 = Debug|Any CPU
		{AC2867FF-EADF-47A4-90AE-2F39514C2CA6}.Release|Any CPU.ActiveCfg = Release|Any CPU
		{AC2867FF-EADF-47A4-90AE-2F39514C2CA6}.Release|Any CPU.Build.0 = Release|Any CPU
	EndGlobalSection
	GlobalSection(SolutionProperties) = preSolution
		HideSolutionNode = FALSE
	EndGlobalSection
	GlobalSection(ExtensibilityGlobals) = postSolution
		SolutionGuid = {BE9C2FAA-CDCE-4314-BC5F-88E9AB7B3989}
	EndGlobalSection
EndGlobal
